
Microsoft Visual Studio Solution File, Format Version 12.00
# Visual Studio Version 17
VisualStudioVersion = 17.8.34309.116
MinimumVisualStudioVersion = 10.0.40219.1
Project("{9A19103F-16F7-4668-BE54-9A1E7A4F7556}") = "DockerProject", "DockerProject\DockerProject.csproj", "{F2452CFF-2E80-4FA6-A832-EF36FD420A0C}"
EndProject
Project("{9A19103F-16F7-4668-BE54-9A1E7A4F7556}") = "HttpRequest", "HttpRequest\HttpRequest.csproj", "{4FA8C454-D59D-4BBC-9C12-3D0F1261963A}"
EndProject
Project("{E53339B2-1760-4266-BCC7-CA923CBCF16C}") = "docker-compose", "docker-compose.dcproj", "{77BC340B-C839-482A-9D85-DED51294DAEF}"
EndProject
Global
	GlobalSection(SolutionConfigurationPlatforms) = preSolution
		Debug|Any CPU = Debug|Any CPU
		Release|Any CPU = Release|Any CPU
	EndGlobalSection
	GlobalSection(ProjectConfigurationPlatforms) = postSolution
		{F2452CFF-2E80-4FA6-A832-EF36FD420A0C}.Debug|Any CPU.ActiveCfg = Debug|Any CPU
		{F2452CFF-2E80-4FA6-A832-EF36FD420A0C}.Debug|Any CPU.Build.0 = Debug|Any CPU
		{F2452CFF-2E80-4FA6-A832-EF36FD420A0C}.Release|Any CPU.ActiveCfg = Release|Any CPU
		{F2452CFF-2E80-4FA6-A832-EF36FD420A0C}.Release|Any CPU.Build.0 = Release|Any CPU
		{4FA8C454-D59D-4BBC-9C12-3D0F1261963A}.Debug|Any CPU.ActiveCfg = Debug|Any CPU
		{4FA8C454-D59D-4BBC-9C12-3D0F1261963A}.Debug|Any CPU.Build.0 = Debug|Any CPU
		{4FA8C454-D59D-4BBC-9C12-3D0F1261963A}.Release|Any CPU.ActiveCfg = Release|Any CPU
		{4FA8C454-D59D-4BBC-9C12-3D0F1261963A}.Release|Any CPU.Build.0 = Release|Any CPU
		{77BC340B-C839-482A-9D85-DED51294DAEF}.Debug|Any CPU.ActiveCfg = Debug|Any CPU
		{77BC340B-C839-482A-9D85-DED51294DAEF}.Debug|Any CPU.Build.0 = Debug|Any CPU
		{77BC340B-C839-482A-9D85-DED51294DAEF}.Release|Any CPU.ActiveCfg = Release|Any CPU
		{77BC340B-C839-482A-9D85-DED51294DAEF}.Release|Any CPU.Build.0 = Release|Any CPU
	EndGlobalSection
	GlobalSection(SolutionProperties) = preSolution
		HideSolutionNode = FALSE
	EndGlobalSection
	GlobalSection(ExtensibilityGlobals) = postSolution
		SolutionGuid = {F4FB5DC8-878F-46EB-AEF9-A1B6492B32C0}
	EndGlobalSection
EndGlobal
